
Microsoft Visual Studio Solution File, Format Version 12.00
# Visual Studio 2013
VisualStudioVersion = 12.0.30501.0
MinimumVisualStudioVersion = 10.0.40219.1
Project("{FAE04EC0-301F-11D3-BF4B-00C04F79EFBC}") = "SpreadsheetUtilities", "SpreadsheetUtilities\SpreadsheetUtilities.csproj", "{1BE3550E-8A49-442B-8733-DF995C60572D}"
EndProject
Project("{FAE04EC0-301F-11D3-BF4B-00C04F79EFBC}") = "DependencyGraphTester", "DependencyGraphTester\DependencyGraphTester.csproj", "{1A927139-A325-4209-BFCF-E27795D24ABC}"
EndProject
Global
	GlobalSection(SolutionConfigurationPlatforms) = preSolution
		Debug|Any CPU = Debug|Any CPU
		Release|Any CPU = Release|Any CPU
	EndGlobalSection
	GlobalSection(ProjectConfigurationPlatforms) = postSolution
		{1BE3550E-8A49-442B-8733-DF995C60572D}.Debug|Any CPU.ActiveCfg = Debug|Any CPU
		{1BE3550E-8A49-442B-8733-DF995C60572D}.Debug|Any CPU.Build.0 = Debug|Any CPU
		{1BE3550E-8A49-442B-8733-DF995C60572D}.Release|Any CPU.ActiveCfg = Release|Any CPU
		{1BE3550E-8A49-442B-8733-DF995C60572D}.Release|Any CPU.Build.0 = Release|Any CPU
		{1A927139-A325-4209-BFCF-E27795D24ABC}.Debug|Any CPU.ActiveCfg = Debug|Any CPU
		{1A927139-A325-4209-BFCF-E27795D24ABC}.Debug|Any CPU.Build.0 = Debug|Any CPU
		{1A927139-A325-4209-BFCF-E27795D24ABC}.Release|Any CPU.ActiveCfg = Release|Any CPU
		{1A927139-A325-4209-BFCF-E27795D24ABC}.Release|Any CPU.Build.0 = Release|Any CPU
	EndGlobalSection
	GlobalSection(SolutionProperties) = preSolution
		HideSolutionNode = FALSE
	EndGlobalSection
EndGlobal
