
Microsoft Visual Studio Solution File, Format Version 12.00
# Visual Studio 14
VisualStudioVersion = 14.0.23107.0
MinimumVisualStudioVersion = 10.0.40219.1
Project("{FAE04EC0-301F-11D3-BF4B-00C04F79EFBC}") = "Spreadsheet", "Spreadsheet\Spreadsheet.csproj", "{8A4A4978-F129-4C6A-8A1F-A48CB5BFB0E3}"
	ProjectSection(ProjectDependencies) = postProject
		{D34286B6-1BE8-41BD-B3A4-76AB3FB0B138} = {D34286B6-1BE8-41BD-B3A4-76AB3FB0B138}
	EndProjectSection
EndProject
Project("{FAE04EC0-301F-11D3-BF4B-00C04F79EFBC}") = "Resources", "Resources\Resources.csproj", "{D34286B6-1BE8-41BD-B3A4-76AB3FB0B138}"
EndProject
Project("{FAE04EC0-301F-11D3-BF4B-00C04F79EFBC}") = "SpreadsheetTests", "SpreadsheetTests\SpreadsheetTests.csproj", "{CC5B5009-2404-4BE6-9A4F-837E6CD00A5E}"
EndProject
Project("{FAE04EC0-301F-11D3-BF4B-00C04F79EFBC}") = "SpreadSheetGUI", "SpreadSheetGUI\SpreadSheetGUI.csproj", "{4DD1E23A-9E4B-4B38-9793-0CCB2C9C6EEE}"
EndProject
Project("{FAE04EC0-301F-11D3-BF4B-00C04F79EFBC}") = "SpreadsheetPanel", "SpreadsheetPanel\SpreadsheetPanel.csproj", "{F31299DC-288F-4E46-A3AF-6BF461B21C79}"
EndProject
Project("{FAE04EC0-301F-11D3-BF4B-00C04F79EFBC}") = "CodedUITestProject1", "CodedUITestProject1\CodedUITestProject1.csproj", "{F9C15A51-17FF-4385-BEF8-06EB6E55E076}"
EndProject
Global
	GlobalSection(SolutionConfigurationPlatforms) = preSolution
		Debug|Any CPU = Debug|Any CPU
		Debug|Mixed Platforms = Debug|Mixed Platforms
		Debug|x86 = Debug|x86
		Release|Any CPU = Release|Any CPU
		Release|Mixed Platforms = Release|Mixed Platforms
		Release|x86 = Release|x86
	EndGlobalSection
	GlobalSection(ProjectConfigurationPlatforms) = postSolution
		{8A4A4978-F129-4C6A-8A1F-A48CB5BFB0E3}.Debug|Any CPU.ActiveCfg = Debug|Any CPU
		{8A4A4978-F129-4C6A-8A1F-A48CB5BFB0E3}.Debug|Any CPU.Build.0 = Debug|Any CPU
		{8A4A4978-F129-4C6A-8A1F-A48CB5BFB0E3}.Debug|Mixed Platforms.ActiveCfg = Debug|Any CPU
		{8A4A4978-F129-4C6A-8A1F-A48CB5BFB0E3}.Debug|Mixed Platforms.Build.0 = Debug|Any CPU
		{8A4A4978-F129-4C6A-8A1F-A48CB5BFB0E3}.Debug|x86.ActiveCfg = Debug|Any CPU
		{8A4A4978-F129-4C6A-8A1F-A48CB5BFB0E3}.Debug|x86.Build.0 = Debug|Any CPU
		{8A4A4978-F129-4C6A-8A1F-A48CB5BFB0E3}.Release|Any CPU.ActiveCfg = Release|Any CPU
		{8A4A4978-F129-4C6A-8A1F-A48CB5BFB0E3}.Release|Any CPU.Build.0 = Release|Any CPU
		{8A4A4978-F129-4C6A-8A1F-A48CB5BFB0E3}.Release|Mixed Platforms.ActiveCfg = Release|Any CPU
		{8A4A4978-F129-4C6A-8A1F-A48CB5BFB0E3}.Release|Mixed Platforms.Build.0 = Release|Any CPU
		{8A4A4978-F129-4C6A-8A1F-A48CB5BFB0E3}.Release|x86.ActiveCfg = Release|Any CPU
		{8A4A4978-F129-4C6A-8A1F-A48CB5BFB0E3}.Release|x86.Build.0 = Release|Any CPU
		{D34286B6-1BE8-41BD-B3A4-76AB3FB0B138}.Debug|Any CPU.ActiveCfg = Debug|Any CPU
		{D34286B6-1BE8-41BD-B3A4-76AB3FB0B138}.Debug|Mixed Platforms.ActiveCfg = Debug|Any CPU
		{D34286B6-1BE8-41BD-B3A4-76AB3FB0B138}.Debug|x86.ActiveCfg = Debug|Any CPU
		{D34286B6-1BE8-41BD-B3A4-76AB3FB0B138}.Debug|x86.Build.0 = Debug|Any CPU
		{D34286B6-1BE8-41BD-B3A4-76AB3FB0B138}.Release|Any CPU.ActiveCfg = Release|Any CPU
		{D34286B6-1BE8-41BD-B3A4-76AB3FB0B138}.Release|Any CPU.Build.0 = Release|Any CPU
		{D34286B6-1BE8-41BD-B3A4-76AB3FB0B138}.Release|Mixed Platforms.ActiveCfg = Release|Any CPU
		{D34286B6-1BE8-41BD-B3A4-76AB3FB0B138}.Release|x86.ActiveCfg = Release|Any CPU
		{D34286B6-1BE8-41BD-B3A4-76AB3FB0B138}.Release|x86.Build.0 = Release|Any CPU
		{CC5B5009-2404-4BE6-9A4F-837E6CD00A5E}.Debug|Any CPU.ActiveCfg = Debug|Any CPU
		{CC5B5009-2404-4BE6-9A4F-837E6CD00A5E}.Debug|Any CPU.Build.0 = Debug|Any CPU
		{CC5B5009-2404-4BE6-9A4F-837E6CD00A5E}.Debug|Mixed Platforms.ActiveCfg = Debug|Any CPU
		{CC5B5009-2404-4BE6-9A4F-837E6CD00A5E}.Debug|Mixed Platforms.Build.0 = Debug|Any CPU
		{CC5B5009-2404-4BE6-9A4F-837E6CD00A5E}.Debug|x86.ActiveCfg = Debug|Any CPU
		{CC5B5009-2404-4BE6-9A4F-837E6CD00A5E}.Debug|x86.Build.0 = Debug|Any CPU
		{CC5B5009-2404-4BE6-9A4F-837E6CD00A5E}.Release|Any CPU.ActiveCfg = Release|Any CPU
		{CC5B5009-2404-4BE6-9A4F-837E6CD00A5E}.Release|Any CPU.Build.0 = Release|Any CPU
		{CC5B5009-2404-4BE6-9A4F-837E6CD00A5E}.Release|Mixed Platforms.ActiveCfg = Release|Any CPU
		{CC5B5009-2404-4BE6-9A4F-837E6CD00A5E}.Release|Mixed Platforms.Build.0 = Release|Any CPU
		{CC5B5009-2404-4BE6-9A4F-837E6CD00A5E}.Release|x86.ActiveCfg = Release|Any CPU
		{CC5B5009-2404-4BE6-9A4F-837E6CD00A5E}.Release|x86.Build.0 = Release|Any CPU
		{4DD1E23A-9E4B-4B38-9793-0CCB2C9C6EEE}.Debug|Any CPU.ActiveCfg = Debug|Any CPU
		{4DD1E23A-9E4B-4B38-9793-0CCB2C9C6EEE}.Debug|Any CPU.Build.0 = Debug|Any CPU
		{4DD1E23A-9E4B-4B38-9793-0CCB2C9C6EEE}.Debug|Mixed Platforms.ActiveCfg = Debug|Any CPU
		{4DD1E23A-9E4B-4B38-9793-0CCB2C9C6EEE}.Debug|Mixed Platforms.Build.0 = Debug|Any CPU
		{4DD1E23A-9E4B-4B38-9793-0CCB2C9C6EEE}.Debug|x86.ActiveCfg = Debug|Any CPU
		{4DD1E23A-9E4B-4B38-9793-0CCB2C9C6EEE}.Debug|x86.Build.0 = Debug|Any CPU
		{4DD1E23A-9E4B-4B38-9793-0CCB2C9C6EEE}.Release|Any CPU.ActiveCfg = Release|Any CPU
		{4DD1E23A-9E4B-4B38-9793-0CCB2C9C6EEE}.Release|Any CPU.Build.0 = Release|Any CPU
		{4DD1E23A-9E4B-4B38-9793-0CCB2C9C6EEE}.Release|Mixed Platforms.ActiveCfg = Release|Any CPU
		{4DD1E23A-9E4B-4B38-9793-0CCB2C9C6EEE}.Release|Mixed Platforms.Build.0 = Release|Any CPU
		{4DD1E23A-9E4B-4B38-9793-0CCB2C9C6EEE}.Release|x86.ActiveCfg = Release|Any CPU
		{4DD1E23A-9E4B-4B38-9793-0CCB2C9C6EEE}.Release|x86.Build.0 = Release|Any CPU
		{F31299DC-288F-4E46-A3AF-6BF461B21C79}.Debug|Any CPU.ActiveCfg = Debug|Any CPU
		{F31299DC-288F-4E46-A3AF-6BF461B21C79}.Debug|Any CPU.Build.0 = Debug|Any CPU
		{F31299DC-288F-4E46-A3AF-6BF461B21C79}.Debug|Mixed Platforms.ActiveCfg = Debug|x86
		{F31299DC-288F-4E46-A3AF-6BF461B21C79}.Debug|Mixed Platforms.Build.0 = Debug|x86
		{F31299DC-288F-4E46-A3AF-6BF461B21C79}.Debug|x86.ActiveCfg = Debug|x86
		{F31299DC-288F-4E46-A3AF-6BF461B21C79}.Debug|x86.Build.0 = Debug|x86
		{F31299DC-288F-4E46-A3AF-6BF461B21C79}.Release|Any CPU.ActiveCfg = Release|x86
		{F31299DC-288F-4E46-A3AF-6BF461B21C79}.Release|Mixed Platforms.ActiveCfg = Release|x86
		{F31299DC-288F-4E46-A3AF-6BF461B21C79}.Release|Mixed Platforms.Build.0 = Release|x86
		{F31299DC-288F-4E46-A3AF-6BF461B21C79}.Release|x86.ActiveCfg = Release|x86
		{F31299DC-288F-4E46-A3AF-6BF461B21C79}.Release|x86.Build.0 = Release|x86
		{F9C15A51-17FF-4385-BEF8-06EB6E55E076}.Debug|Any CPU.ActiveCfg = Debug|Any CPU
		{F9C15A51-17FF-4385-BEF8-06EB6E55E076}.Debug|Any CPU.Build.0 = Debug|Any CPU
		{F9C15A51-17FF-4385-BEF8-06EB6E55E076}.Debug|Mixed Platforms.ActiveCfg = Debug|Any CPU
		{F9C15A51-17FF-4385-BEF8-06EB6E55E076}.Debug|Mixed Platforms.Build.0 = Debug|Any CPU
		{F9C15A51-17FF-4385-BEF8-06EB6E55E076}.Debug|x86.ActiveCfg = Debug|Any CPU
		{F9C15A51-17FF-4385-BEF8-06EB6E55E076}.Debug|x86.Build.0 = Debug|Any CPU
		{F9C15A51-17FF-4385-BEF8-06EB6E55E076}.Release|Any CPU.ActiveCfg = Release|Any CPU
		{F9C15A51-17FF-4385-BEF8-06EB6E55E076}.Release|Any CPU.Build.0 = Release|Any CPU
		{F9C15A51-17FF-4385-BEF8-06EB6E55E076}.Release|Mixed Platforms.ActiveCfg = Release|Any CPU
		{F9C15A51-17FF-4385-BEF8-06EB6E55E076}.Release|Mixed Platforms.Build.0 = Release|Any CPU
		{F9C15A51-17FF-4385-BEF8-06EB6E55E076}.Release|x86.ActiveCfg = Release|Any CPU
		{F9C15A51-17FF-4385-BEF8-06EB6E55E076}.Release|x86.Build.0 = Release|Any CPU
	EndGlobalSection
	GlobalSection(SolutionProperties) = preSolution
		HideSolutionNode = FALSE
	EndGlobalSection
EndGlobal
