
Microsoft Visual Studio Solution File, Format Version 12.00
# Visual Studio 2013
VisualStudioVersion = 12.0.30501.0
MinimumVisualStudioVersion = 10.0.40219.1
Project("{FAE04EC0-301F-11D3-BF4B-00C04F79EFBC}") = "FormulaEvaluator", "FormulaEvaluator\FormulaEvaluator.csproj", "{4C6D0231-F17C-4927-B449-F7D85E4EA6E9}"
EndProject
Project("{FAE04EC0-301F-11D3-BF4B-00C04F79EFBC}") = "Tester", "FormulaEvaluatorTester\Tester.csproj", "{A810DB5A-DBC5-4DB2-9CAB-52A742A6E5EE}"
EndProject
Project("{FAE04EC0-301F-11D3-BF4B-00C04F79EFBC}") = "UnitTester", "UnitTester\UnitTester.csproj", "{9ECF819B-BF15-496E-A413-04669CA66728}"
EndProject
Global
	GlobalSection(SolutionConfigurationPlatforms) = preSolution
		Debug|Any CPU = Debug|Any CPU
		Release|Any CPU = Release|Any CPU
	EndGlobalSection
	GlobalSection(ProjectConfigurationPlatforms) = postSolution
		{4C6D0231-F17C-4927-B449-F7D85E4EA6E9}.Debug|Any CPU.ActiveCfg = Debug|Any CPU
		{4C6D0231-F17C-4927-B449-F7D85E4EA6E9}.Debug|Any CPU.Build.0 = Debug|Any CPU
		{4C6D0231-F17C-4927-B449-F7D85E4EA6E9}.Release|Any CPU.ActiveCfg = Release|Any CPU
		{4C6D0231-F17C-4927-B449-F7D85E4EA6E9}.Release|Any CPU.Build.0 = Release|Any CPU
		{A810DB5A-DBC5-4DB2-9CAB-52A742A6E5EE}.Debug|Any CPU.ActiveCfg = Debug|Any CPU
		{A810DB5A-DBC5-4DB2-9CAB-52A742A6E5EE}.Debug|Any CPU.Build.0 = Debug|Any CPU
		{A810DB5A-DBC5-4DB2-9CAB-52A742A6E5EE}.Release|Any CPU.ActiveCfg = Release|Any CPU
		{A810DB5A-DBC5-4DB2-9CAB-52A742A6E5EE}.Release|Any CPU.Build.0 = Release|Any CPU
		{9ECF819B-BF15-496E-A413-04669CA66728}.Debug|Any CPU.ActiveCfg = Debug|Any CPU
		{9ECF819B-BF15-496E-A413-04669CA66728}.Debug|Any CPU.Build.0 = Debug|Any CPU
		{9ECF819B-BF15-496E-A413-04669CA66728}.Release|Any CPU.ActiveCfg = Release|Any CPU
		{9ECF819B-BF15-496E-A413-04669CA66728}.Release|Any CPU.Build.0 = Release|Any CPU
	EndGlobalSection
	GlobalSection(SolutionProperties) = preSolution
		HideSolutionNode = FALSE
	EndGlobalSection
EndGlobal
